
Microsoft Visual Studio Solution File, Format Version 12.00
# Visual Studio Version 17
VisualStudioVersion = 17.14.36930.0 d17.14
MinimumVisualStudioVersion = 10.0.40219.1
Project("{FAE04EC0-301F-11D3-BF4B-00C04F79EFBC}") = "GordonFancyTool", "GordonFancyTool.csproj", "{6FB24979-A547-4431-AF05-AA912CB34C51}"
EndProject
Global
	GlobalSection(SolutionConfigurationPlatforms) = preSolution
		Debug|Any CPU = Debug|Any CPU
		Release|Any CPU = Release|Any CPU
	EndGlobalSection
	GlobalSection(ProjectConfigurationPlatforms) = postSolution
		{6FB24979-A547-4431-AF05-AA912CB34C51}.Debug|Any CPU.ActiveCfg = Debug|Any CPU
		{6FB24979-A547-4431-AF05-AA912CB34C51}.Debug|Any CPU.Build.0 = Debug|Any CPU
		{6FB24979-A547-4431-AF05-AA912CB34C51}.Release|Any CPU.ActiveCfg = Release|Any CPU
		{6FB24979-A547-4431-AF05-AA912CB34C51}.Release|Any CPU.Build.0 = Release|Any CPU
	EndGlobalSection
	GlobalSection(SolutionProperties) = preSolution
		HideSolutionNode = FALSE
	EndGlobalSection
	GlobalSection(ExtensibilityGlobals) = postSolution
		SolutionGuid = {71EABAD0-4BE9-4202-9BBC-C2C6F15CAE9D}
	EndGlobalSection
EndGlobal
